
Microsoft Visual Studio Solution File, Format Version 12.00
# Visual Studio Version 17
VisualStudioVersion = 17.14.36717.8
MinimumVisualStudioVersion = 10.0.40219.1
Project("{FAE04EC0-301F-11D3-BF4B-00C04F79EFBC}") = "MechanicShop.API", "MechanicShop.API.csproj", "{4CDFC130-A1B4-4104-93AB-7DAB0280ADB3}"
EndProject
Project("{FAE04EC0-301F-11D3-BF4B-00C04F79EFBC}") = "MechanicShop.Domain", "..\MechanicShop.Domain\MechanicShop.Domain.csproj", "{9134F666-F0FA-43AE-A5A8-B76FFE2BB184}"
EndProject
Project("{FAE04EC0-301F-11D3-BF4B-00C04F79EFBC}") = "MechanicShop.Application", "..\MechanicShop.Application\MechanicShop.Application.csproj", "{B7F2648D-3D79-44A9-A213-526D26B8F9ED}"
EndProject
Project("{FAE04EC0-301F-11D3-BF4B-00C04F79EFBC}") = "MechanicShop.Infrastructure", "..\MechanicShop.Infrastructure\MechanicShop.Infrastructure.csproj", "{56326825-DAC2-4F4E-AB52-0ADDB41823F2}"
EndProject
Global
	GlobalSection(SolutionConfigurationPlatforms) = preSolution
		Debug|Any CPU = Debug|Any CPU
		Release|Any CPU = Release|Any CPU
	EndGlobalSection
	GlobalSection(ProjectConfigurationPlatforms) = postSolution
		{4CDFC130-A1B4-4104-93AB-7DAB0280ADB3}.Debug|Any CPU.ActiveCfg = Debug|Any CPU
		{4CDFC130-A1B4-4104-93AB-7DAB0280ADB3}.Debug|Any CPU.Build.0 = Debug|Any CPU
		{4CDFC130-A1B4-4104-93AB-7DAB0280ADB3}.Release|Any CPU.ActiveCfg = Release|Any CPU
		{4CDFC130-A1B4-4104-93AB-7DAB0280ADB3}.Release|Any CPU.Build.0 = Release|Any CPU
		{9134F666-F0FA-43AE-A5A8-B76FFE2BB184}.Debug|Any CPU.ActiveCfg = Debug|Any CPU
		{9134F666-F0FA-43AE-A5A8-B76FFE2BB184}.Debug|Any CPU.Build.0 = Debug|Any CPU
		{9134F666-F0FA-43AE-A5A8-B76FFE2BB184}.Release|Any CPU.ActiveCfg = Release|Any CPU
		{9134F666-F0FA-43AE-A5A8-B76FFE2BB184}.Release|Any CPU.Build.0 = Release|Any CPU
		{B7F2648D-3D79-44A9-A213-526D26B8F9ED}.Debug|Any CPU.ActiveCfg = Debug|Any CPU
		{B7F2648D-3D79-44A9-A213-526D26B8F9ED}.Debug|Any CPU.Build.0 = Debug|Any CPU
		{B7F2648D-3D79-44A9-A213-526D26B8F9ED}.Release|Any CPU.ActiveCfg = Release|Any CPU
		{B7F2648D-3D79-44A9-A213-526D26B8F9ED}.Release|Any CPU.Build.0 = Release|Any CPU
		{56326825-DAC2-4F4E-AB52-0ADDB41823F2}.Debug|Any CPU.ActiveCfg = Debug|Any CPU
		{56326825-DAC2-4F4E-AB52-0ADDB41823F2}.Debug|Any CPU.Build.0 = Debug|Any CPU
		{56326825-DAC2-4F4E-AB52-0ADDB41823F2}.Release|Any CPU.ActiveCfg = Release|Any CPU
		{56326825-DAC2-4F4E-AB52-0ADDB41823F2}.Release|Any CPU.Build.0 = Release|Any CPU
	EndGlobalSection
	GlobalSection(SolutionProperties) = preSolution
		HideSolutionNode = FALSE
	EndGlobalSection
	GlobalSection(ExtensibilityGlobals) = postSolution
		SolutionGuid = {D220B966-92F4-439F-B75C-DF61923EB691}
	EndGlobalSection
EndGlobal
